
Microsoft Visual Studio Solution File, Format Version 12.00
Project("{FAE04EC0-301F-11D3-BF4B-00C04F79EFBC}") = "Restourant", "Restourant\Restourant.csproj", "{D13C4AA0-35BE-4B6E-8BE2-E379AAD8C6B9}"
EndProject
Project("{FAE04EC0-301F-11D3-BF4B-00C04F79EFBC}") = "Messaging", "Messaging\Messaging.csproj", "{22567CE2-0AC7-4D89-9986-69B8F90307F2}"
EndProject
Project("{FAE04EC0-301F-11D3-BF4B-00C04F79EFBC}") = "Messaging.Producer", "Messaging.Producer\Messaging.Producer.csproj", "{61297776-527A-4F81-90A6-397996EE3F75}"
EndProject
Project("{FAE04EC0-301F-11D3-BF4B-00C04F79EFBC}") = "Messaging.Receiver", "Messaging.Receiver\Messaging.Receiver.csproj", "{1C214B5B-CD77-4F91-8AE1-B78A286B5C7C}"
EndProject
Project("{FAE04EC0-301F-11D3-BF4B-00C04F79EFBC}") = "Restourant.Notifications", "Restourant.Notifications\Restourant.Notifications.csproj", "{B13D0C7B-1214-4411-9318-EC8C57D0FE4E}"
EndProject
Project("{FAE04EC0-301F-11D3-BF4B-00C04F79EFBC}") = "ConsoleMenu", "ConsoleMenu\ConsoleMenu.csproj", "{3E9347B7-7421-4B9D-84E1-659D7AD28016}"
EndProject
Project("{2150E333-8FDC-42A3-9474-1A3956D46DE8}") = "Samples", "Samples", "{E0BA00B7-42BC-49BC-BB50-B058D3DDCD3C}"
EndProject
Project("{2150E333-8FDC-42A3-9474-1A3956D46DE8}") = "Restaurant", "Restaurant", "{DB5AB717-2339-4AFB-8B31-5E6778F6AA56}"
EndProject
Project("{FAE04EC0-301F-11D3-BF4B-00C04F79EFBC}") = "Restaurant.Booking", "Restaurant\Restaurant.Booking\Restaurant.Booking.csproj", "{C8DB42E3-4FBC-4F6D-BE25-87D93FEB9D78}"
EndProject
Project("{FAE04EC0-301F-11D3-BF4B-00C04F79EFBC}") = "Restaurant.Kitchen", "Restaurant\Restaurant.Kitchen\Restaurant.Kitchen.csproj", "{8880CD02-EFF4-4E23-B653-2ED944CEF5E1}"
EndProject
Project("{FAE04EC0-301F-11D3-BF4B-00C04F79EFBC}") = "Restaurant.Messages", "Restaurant\Restaurant.Messages\Restaurant.Messages.csproj", "{98997D1F-D217-4EDD-974D-F376F876CEB5}"
EndProject
Project("{FAE04EC0-301F-11D3-BF4B-00C04F79EFBC}") = "Restaurant.Notification", "Restaurant\Restaurant.Notification\Restaurant.Notification.csproj", "{DECC8487-8B84-4F23-9199-4D0FCEB7D1CD}"
EndProject
Global
	GlobalSection(SolutionConfigurationPlatforms) = preSolution
		Debug|Any CPU = Debug|Any CPU
		Release|Any CPU = Release|Any CPU
	EndGlobalSection
	GlobalSection(ProjectConfigurationPlatforms) = postSolution
		{D13C4AA0-35BE-4B6E-8BE2-E379AAD8C6B9}.Debug|Any CPU.ActiveCfg = Debug|Any CPU
		{D13C4AA0-35BE-4B6E-8BE2-E379AAD8C6B9}.Debug|Any CPU.Build.0 = Debug|Any CPU
		{D13C4AA0-35BE-4B6E-8BE2-E379AAD8C6B9}.Release|Any CPU.ActiveCfg = Release|Any CPU
		{D13C4AA0-35BE-4B6E-8BE2-E379AAD8C6B9}.Release|Any CPU.Build.0 = Release|Any CPU
		{22567CE2-0AC7-4D89-9986-69B8F90307F2}.Debug|Any CPU.ActiveCfg = Debug|Any CPU
		{22567CE2-0AC7-4D89-9986-69B8F90307F2}.Debug|Any CPU.Build.0 = Debug|Any CPU
		{22567CE2-0AC7-4D89-9986-69B8F90307F2}.Release|Any CPU.ActiveCfg = Release|Any CPU
		{22567CE2-0AC7-4D89-9986-69B8F90307F2}.Release|Any CPU.Build.0 = Release|Any CPU
		{61297776-527A-4F81-90A6-397996EE3F75}.Debug|Any CPU.ActiveCfg = Debug|Any CPU
		{61297776-527A-4F81-90A6-397996EE3F75}.Debug|Any CPU.Build.0 = Debug|Any CPU
		{61297776-527A-4F81-90A6-397996EE3F75}.Release|Any CPU.ActiveCfg = Release|Any CPU
		{61297776-527A-4F81-90A6-397996EE3F75}.Release|Any CPU.Build.0 = Release|Any CPU
		{1C214B5B-CD77-4F91-8AE1-B78A286B5C7C}.Debug|Any CPU.ActiveCfg = Debug|Any CPU
		{1C214B5B-CD77-4F91-8AE1-B78A286B5C7C}.Debug|Any CPU.Build.0 = Debug|Any CPU
		{1C214B5B-CD77-4F91-8AE1-B78A286B5C7C}.Release|Any CPU.ActiveCfg = Release|Any CPU
		{1C214B5B-CD77-4F91-8AE1-B78A286B5C7C}.Release|Any CPU.Build.0 = Release|Any CPU
		{B13D0C7B-1214-4411-9318-EC8C57D0FE4E}.Debug|Any CPU.ActiveCfg = Debug|Any CPU
		{B13D0C7B-1214-4411-9318-EC8C57D0FE4E}.Debug|Any CPU.Build.0 = Debug|Any CPU
		{B13D0C7B-1214-4411-9318-EC8C57D0FE4E}.Release|Any CPU.ActiveCfg = Release|Any CPU
		{B13D0C7B-1214-4411-9318-EC8C57D0FE4E}.Release|Any CPU.Build.0 = Release|Any CPU
		{3E9347B7-7421-4B9D-84E1-659D7AD28016}.Debug|Any CPU.ActiveCfg = Debug|Any CPU
		{3E9347B7-7421-4B9D-84E1-659D7AD28016}.Debug|Any CPU.Build.0 = Debug|Any CPU
		{3E9347B7-7421-4B9D-84E1-659D7AD28016}.Release|Any CPU.ActiveCfg = Release|Any CPU
		{3E9347B7-7421-4B9D-84E1-659D7AD28016}.Release|Any CPU.Build.0 = Release|Any CPU
		{C8DB42E3-4FBC-4F6D-BE25-87D93FEB9D78}.Debug|Any CPU.ActiveCfg = Debug|Any CPU
		{C8DB42E3-4FBC-4F6D-BE25-87D93FEB9D78}.Debug|Any CPU.Build.0 = Debug|Any CPU
		{C8DB42E3-4FBC-4F6D-BE25-87D93FEB9D78}.Release|Any CPU.ActiveCfg = Release|Any CPU
		{C8DB42E3-4FBC-4F6D-BE25-87D93FEB9D78}.Release|Any CPU.Build.0 = Release|Any CPU
		{8880CD02-EFF4-4E23-B653-2ED944CEF5E1}.Debug|Any CPU.ActiveCfg = Debug|Any CPU
		{8880CD02-EFF4-4E23-B653-2ED944CEF5E1}.Debug|Any CPU.Build.0 = Debug|Any CPU
		{8880CD02-EFF4-4E23-B653-2ED944CEF5E1}.Release|Any CPU.ActiveCfg = Release|Any CPU
		{8880CD02-EFF4-4E23-B653-2ED944CEF5E1}.Release|Any CPU.Build.0 = Release|Any CPU
		{98997D1F-D217-4EDD-974D-F376F876CEB5}.Debug|Any CPU.ActiveCfg = Debug|Any CPU
		{98997D1F-D217-4EDD-974D-F376F876CEB5}.Debug|Any CPU.Build.0 = Debug|Any CPU
		{98997D1F-D217-4EDD-974D-F376F876CEB5}.Release|Any CPU.ActiveCfg = Release|Any CPU
		{98997D1F-D217-4EDD-974D-F376F876CEB5}.Release|Any CPU.Build.0 = Release|Any CPU
		{DECC8487-8B84-4F23-9199-4D0FCEB7D1CD}.Debug|Any CPU.ActiveCfg = Debug|Any CPU
		{DECC8487-8B84-4F23-9199-4D0FCEB7D1CD}.Debug|Any CPU.Build.0 = Debug|Any CPU
		{DECC8487-8B84-4F23-9199-4D0FCEB7D1CD}.Release|Any CPU.ActiveCfg = Release|Any CPU
		{DECC8487-8B84-4F23-9199-4D0FCEB7D1CD}.Release|Any CPU.Build.0 = Release|Any CPU
	EndGlobalSection
	GlobalSection(NestedProjects) = preSolution
		{61297776-527A-4F81-90A6-397996EE3F75} = {E0BA00B7-42BC-49BC-BB50-B058D3DDCD3C}
		{1C214B5B-CD77-4F91-8AE1-B78A286B5C7C} = {E0BA00B7-42BC-49BC-BB50-B058D3DDCD3C}
		{C8DB42E3-4FBC-4F6D-BE25-87D93FEB9D78} = {DB5AB717-2339-4AFB-8B31-5E6778F6AA56}
		{8880CD02-EFF4-4E23-B653-2ED944CEF5E1} = {DB5AB717-2339-4AFB-8B31-5E6778F6AA56}
		{98997D1F-D217-4EDD-974D-F376F876CEB5} = {DB5AB717-2339-4AFB-8B31-5E6778F6AA56}
		{DECC8487-8B84-4F23-9199-4D0FCEB7D1CD} = {DB5AB717-2339-4AFB-8B31-5E6778F6AA56}
	EndGlobalSection
EndGlobal
