
Microsoft Visual Studio Solution File, Format Version 12.00
Project("{2150E333-8FDC-42A3-9474-1A3956D46DE8}") = "Restaurant", "Restaurant", "{DB5AB717-2339-4AFB-8B31-5E6778F6AA56}"
EndProject
Project("{FAE04EC0-301F-11D3-BF4B-00C04F79EFBC}") = "Restaurant.Booking", "Restaurant\Restaurant.Booking\Restaurant.Booking.csproj", "{C8DB42E3-4FBC-4F6D-BE25-87D93FEB9D78}"
EndProject
Project("{FAE04EC0-301F-11D3-BF4B-00C04F79EFBC}") = "Restaurant.Kitchen", "Restaurant\Restaurant.Kitchen\Restaurant.Kitchen.csproj", "{8880CD02-EFF4-4E23-B653-2ED944CEF5E1}"
EndProject
Project("{FAE04EC0-301F-11D3-BF4B-00C04F79EFBC}") = "Restaurant.Messages", "Restaurant\Restaurant.Messages\Restaurant.Messages.csproj", "{98997D1F-D217-4EDD-974D-F376F876CEB5}"
EndProject
Project("{FAE04EC0-301F-11D3-BF4B-00C04F79EFBC}") = "Restaurant.Notification", "Restaurant\Restaurant.Notification\Restaurant.Notification.csproj", "{DECC8487-8B84-4F23-9199-4D0FCEB7D1CD}"
EndProject
Project("{FAE04EC0-301F-11D3-BF4B-00C04F79EFBC}") = "Restaurant.MassTransit", "Restaurant\Restaurant.MassTransit\Restaurant.MassTransit.csproj", "{674364E1-6F40-4F62-941B-917ABB4C2447}"
EndProject
Project("{2150E333-8FDC-42A3-9474-1A3956D46DE8}") = "Tests", "Tests", "{ADE02B1B-4B31-489E-8731-F1600BB491AA}"
EndProject
Project("{FAE04EC0-301F-11D3-BF4B-00C04F79EFBC}") = "Restaurant.Booking.Tests", "Restaurant\Restaurant.Booking.Tests\Restaurant.Booking.Tests.csproj", "{EC595166-2B0B-4A76-9D70-7256779298D9}"
EndProject
Project("{FAE04EC0-301F-11D3-BF4B-00C04F79EFBC}") = "Restaurant.Kitchen.Tests", "Restaurant\Restaurant.Kitchen.Tests\Restaurant.Kitchen.Tests.csproj", "{58DFE90F-E37E-4C2D-A5F4-C7B04365B051}"
EndProject
Project("{FAE04EC0-301F-11D3-BF4B-00C04F79EFBC}") = "TestsExtensions", "Restaurant\TestsExtensions\TestsExtensions.csproj", "{E19A2D3C-256C-469B-AE81-FA2ABA2EFC39}"
EndProject
Project("{FAE04EC0-301F-11D3-BF4B-00C04F79EFBC}") = "Restaurant.Notification.Tests", "Restaurant\Restaurant.Notification.Tests\Restaurant.Notification.Tests.csproj", "{E85AB9B4-3283-4ADE-8F7F-8177A3A2F521}"
EndProject
Global
	GlobalSection(SolutionConfigurationPlatforms) = preSolution
		Debug|Any CPU = Debug|Any CPU
		Release|Any CPU = Release|Any CPU
	EndGlobalSection
	GlobalSection(ProjectConfigurationPlatforms) = postSolution
		{C8DB42E3-4FBC-4F6D-BE25-87D93FEB9D78}.Debug|Any CPU.ActiveCfg = Debug|Any CPU
		{C8DB42E3-4FBC-4F6D-BE25-87D93FEB9D78}.Debug|Any CPU.Build.0 = Debug|Any CPU
		{C8DB42E3-4FBC-4F6D-BE25-87D93FEB9D78}.Release|Any CPU.ActiveCfg = Release|Any CPU
		{C8DB42E3-4FBC-4F6D-BE25-87D93FEB9D78}.Release|Any CPU.Build.0 = Release|Any CPU
		{8880CD02-EFF4-4E23-B653-2ED944CEF5E1}.Debug|Any CPU.ActiveCfg = Debug|Any CPU
		{8880CD02-EFF4-4E23-B653-2ED944CEF5E1}.Debug|Any CPU.Build.0 = Debug|Any CPU
		{8880CD02-EFF4-4E23-B653-2ED944CEF5E1}.Release|Any CPU.ActiveCfg = Release|Any CPU
		{8880CD02-EFF4-4E23-B653-2ED944CEF5E1}.Release|Any CPU.Build.0 = Release|Any CPU
		{98997D1F-D217-4EDD-974D-F376F876CEB5}.Debug|Any CPU.ActiveCfg = Debug|Any CPU
		{98997D1F-D217-4EDD-974D-F376F876CEB5}.Debug|Any CPU.Build.0 = Debug|Any CPU
		{98997D1F-D217-4EDD-974D-F376F876CEB5}.Release|Any CPU.ActiveCfg = Release|Any CPU
		{98997D1F-D217-4EDD-974D-F376F876CEB5}.Release|Any CPU.Build.0 = Release|Any CPU
		{DECC8487-8B84-4F23-9199-4D0FCEB7D1CD}.Debug|Any CPU.ActiveCfg = Debug|Any CPU
		{DECC8487-8B84-4F23-9199-4D0FCEB7D1CD}.Debug|Any CPU.Build.0 = Debug|Any CPU
		{DECC8487-8B84-4F23-9199-4D0FCEB7D1CD}.Release|Any CPU.ActiveCfg = Release|Any CPU
		{DECC8487-8B84-4F23-9199-4D0FCEB7D1CD}.Release|Any CPU.Build.0 = Release|Any CPU
		{674364E1-6F40-4F62-941B-917ABB4C2447}.Debug|Any CPU.ActiveCfg = Debug|Any CPU
		{674364E1-6F40-4F62-941B-917ABB4C2447}.Debug|Any CPU.Build.0 = Debug|Any CPU
		{674364E1-6F40-4F62-941B-917ABB4C2447}.Release|Any CPU.ActiveCfg = Release|Any CPU
		{674364E1-6F40-4F62-941B-917ABB4C2447}.Release|Any CPU.Build.0 = Release|Any CPU
		{EC595166-2B0B-4A76-9D70-7256779298D9}.Debug|Any CPU.ActiveCfg = Debug|Any CPU
		{EC595166-2B0B-4A76-9D70-7256779298D9}.Debug|Any CPU.Build.0 = Debug|Any CPU
		{EC595166-2B0B-4A76-9D70-7256779298D9}.Release|Any CPU.ActiveCfg = Release|Any CPU
		{EC595166-2B0B-4A76-9D70-7256779298D9}.Release|Any CPU.Build.0 = Release|Any CPU
		{58DFE90F-E37E-4C2D-A5F4-C7B04365B051}.Debug|Any CPU.ActiveCfg = Debug|Any CPU
		{58DFE90F-E37E-4C2D-A5F4-C7B04365B051}.Debug|Any CPU.Build.0 = Debug|Any CPU
		{58DFE90F-E37E-4C2D-A5F4-C7B04365B051}.Release|Any CPU.ActiveCfg = Release|Any CPU
		{58DFE90F-E37E-4C2D-A5F4-C7B04365B051}.Release|Any CPU.Build.0 = Release|Any CPU
		{E19A2D3C-256C-469B-AE81-FA2ABA2EFC39}.Debug|Any CPU.ActiveCfg = Debug|Any CPU
		{E19A2D3C-256C-469B-AE81-FA2ABA2EFC39}.Debug|Any CPU.Build.0 = Debug|Any CPU
		{E19A2D3C-256C-469B-AE81-FA2ABA2EFC39}.Release|Any CPU.ActiveCfg = Release|Any CPU
		{E19A2D3C-256C-469B-AE81-FA2ABA2EFC39}.Release|Any CPU.Build.0 = Release|Any CPU
		{E85AB9B4-3283-4ADE-8F7F-8177A3A2F521}.Debug|Any CPU.ActiveCfg = Debug|Any CPU
		{E85AB9B4-3283-4ADE-8F7F-8177A3A2F521}.Debug|Any CPU.Build.0 = Debug|Any CPU
		{E85AB9B4-3283-4ADE-8F7F-8177A3A2F521}.Release|Any CPU.ActiveCfg = Release|Any CPU
		{E85AB9B4-3283-4ADE-8F7F-8177A3A2F521}.Release|Any CPU.Build.0 = Release|Any CPU
	EndGlobalSection
	GlobalSection(NestedProjects) = preSolution
		{C8DB42E3-4FBC-4F6D-BE25-87D93FEB9D78} = {DB5AB717-2339-4AFB-8B31-5E6778F6AA56}
		{8880CD02-EFF4-4E23-B653-2ED944CEF5E1} = {DB5AB717-2339-4AFB-8B31-5E6778F6AA56}
		{98997D1F-D217-4EDD-974D-F376F876CEB5} = {DB5AB717-2339-4AFB-8B31-5E6778F6AA56}
		{DECC8487-8B84-4F23-9199-4D0FCEB7D1CD} = {DB5AB717-2339-4AFB-8B31-5E6778F6AA56}
		{674364E1-6F40-4F62-941B-917ABB4C2447} = {DB5AB717-2339-4AFB-8B31-5E6778F6AA56}
		{ADE02B1B-4B31-489E-8731-F1600BB491AA} = {DB5AB717-2339-4AFB-8B31-5E6778F6AA56}
		{EC595166-2B0B-4A76-9D70-7256779298D9} = {ADE02B1B-4B31-489E-8731-F1600BB491AA}
		{58DFE90F-E37E-4C2D-A5F4-C7B04365B051} = {ADE02B1B-4B31-489E-8731-F1600BB491AA}
		{E19A2D3C-256C-469B-AE81-FA2ABA2EFC39} = {ADE02B1B-4B31-489E-8731-F1600BB491AA}
		{E85AB9B4-3283-4ADE-8F7F-8177A3A2F521} = {ADE02B1B-4B31-489E-8731-F1600BB491AA}
	EndGlobalSection
EndGlobal
