
Microsoft Visual Studio Solution File, Format Version 12.00
Project("{2150E333-8FDC-42A3-9474-1A3956D46DE8}") = "tests", "tests", "{61D1B51E-9958-4423-B25B-C238EA5878F2}"
EndProject
Project("{2150E333-8FDC-42A3-9474-1A3956D46DE8}") = "libraries", "libraries", "{8AA52B80-9F8F-448B-86AB-76A6A29E3A61}"
EndProject
Project("{2150E333-8FDC-42A3-9474-1A3956D46DE8}") = "api", "api", "{48B74854-ECD3-4BDF-A01A-6CB1AA27D833}"
EndProject
Project("{FAE04EC0-301F-11D3-BF4B-00C04F79EFBC}") = "Restaurant.Messages", "src\Restaurant.Messages\Restaurant.Messages.csproj", "{FC121095-6601-4BEC-B679-5238E49365AD}"
EndProject
Project("{FAE04EC0-301F-11D3-BF4B-00C04F79EFBC}") = "Restaurant.MassTransit", "src\Restaurant.MassTransit\Restaurant.MassTransit.csproj", "{26CA7AF1-0A25-4E95-A957-EA6627B4CD54}"
EndProject
Project("{FAE04EC0-301F-11D3-BF4B-00C04F79EFBC}") = "Restaurant.Booking", "src\Restaurant.Booking\Restaurant.Booking.csproj", "{711C086E-C05B-417A-894C-F54EEEF7EAEB}"
EndProject
Project("{FAE04EC0-301F-11D3-BF4B-00C04F79EFBC}") = "Restaurant.Kitchen", "src\Restaurant.Kitchen\Restaurant.Kitchen.csproj", "{082FB903-E31F-45A3-8D95-9E8D5C2FAEAB}"
EndProject
Project("{FAE04EC0-301F-11D3-BF4B-00C04F79EFBC}") = "Restaurant.Notification", "src\Restaurant.Notification\Restaurant.Notification.csproj", "{30FFC141-8511-453F-8D53-4DF648D05C3D}"
EndProject
Project("{FAE04EC0-301F-11D3-BF4B-00C04F79EFBC}") = "TestsExtensions", "tests\TestsExtensions\TestsExtensions.csproj", "{1E15F763-71CC-41EE-B550-DA6E70FBB96A}"
EndProject
Project("{FAE04EC0-301F-11D3-BF4B-00C04F79EFBC}") = "Restaurant.Booking.Tests", "tests\Restaurant.Booking.Tests\Restaurant.Booking.Tests.csproj", "{946D7EE3-E23E-453B-8E81-F01B0CD2EDF2}"
EndProject
Project("{FAE04EC0-301F-11D3-BF4B-00C04F79EFBC}") = "Restaurant.Kitchen.Tests", "tests\Restaurant.Kitchen.Tests\Restaurant.Kitchen.Tests.csproj", "{9DF72C22-D96E-4660-B530-B97FE33288AB}"
EndProject
Project("{FAE04EC0-301F-11D3-BF4B-00C04F79EFBC}") = "Restaurant.Notification.Tests", "tests\Restaurant.Notification.Tests\Restaurant.Notification.Tests.csproj", "{1C58B024-1D21-489C-9F97-3CB6452E0B93}"
EndProject
Project("{2150E333-8FDC-42A3-9474-1A3956D46DE8}") = "apps", "apps", "{4DC9B4CE-3DC8-4BD7-B47B-878CF5F8D371}"
EndProject
Project("{FAE04EC0-301F-11D3-BF4B-00C04F79EFBC}") = "BlazorApp", "apps\BlazorApp\BlazorApp.csproj", "{866F23B9-601A-4B97-B231-1EA6463E03E1}"
EndProject
Project("{FAE04EC0-301F-11D3-BF4B-00C04F79EFBC}") = "Restaurant.Contracts", "src\Restaurant.Contracts\Restaurant.Contracts.csproj", "{8A9AAE7F-B0D0-4373-BD09-3AAF4DD6CAAA}"
EndProject
Global
	GlobalSection(SolutionConfigurationPlatforms) = preSolution
		Debug|Any CPU = Debug|Any CPU
		Release|Any CPU = Release|Any CPU
	EndGlobalSection
	GlobalSection(ProjectConfigurationPlatforms) = postSolution
		{FC121095-6601-4BEC-B679-5238E49365AD}.Debug|Any CPU.ActiveCfg = Debug|Any CPU
		{FC121095-6601-4BEC-B679-5238E49365AD}.Debug|Any CPU.Build.0 = Debug|Any CPU
		{FC121095-6601-4BEC-B679-5238E49365AD}.Release|Any CPU.ActiveCfg = Release|Any CPU
		{FC121095-6601-4BEC-B679-5238E49365AD}.Release|Any CPU.Build.0 = Release|Any CPU
		{26CA7AF1-0A25-4E95-A957-EA6627B4CD54}.Debug|Any CPU.ActiveCfg = Debug|Any CPU
		{26CA7AF1-0A25-4E95-A957-EA6627B4CD54}.Debug|Any CPU.Build.0 = Debug|Any CPU
		{26CA7AF1-0A25-4E95-A957-EA6627B4CD54}.Release|Any CPU.ActiveCfg = Release|Any CPU
		{26CA7AF1-0A25-4E95-A957-EA6627B4CD54}.Release|Any CPU.Build.0 = Release|Any CPU
		{711C086E-C05B-417A-894C-F54EEEF7EAEB}.Debug|Any CPU.ActiveCfg = Debug|Any CPU
		{711C086E-C05B-417A-894C-F54EEEF7EAEB}.Debug|Any CPU.Build.0 = Debug|Any CPU
		{711C086E-C05B-417A-894C-F54EEEF7EAEB}.Release|Any CPU.ActiveCfg = Release|Any CPU
		{711C086E-C05B-417A-894C-F54EEEF7EAEB}.Release|Any CPU.Build.0 = Release|Any CPU
		{082FB903-E31F-45A3-8D95-9E8D5C2FAEAB}.Debug|Any CPU.ActiveCfg = Debug|Any CPU
		{082FB903-E31F-45A3-8D95-9E8D5C2FAEAB}.Debug|Any CPU.Build.0 = Debug|Any CPU
		{082FB903-E31F-45A3-8D95-9E8D5C2FAEAB}.Release|Any CPU.ActiveCfg = Release|Any CPU
		{082FB903-E31F-45A3-8D95-9E8D5C2FAEAB}.Release|Any CPU.Build.0 = Release|Any CPU
		{30FFC141-8511-453F-8D53-4DF648D05C3D}.Debug|Any CPU.ActiveCfg = Debug|Any CPU
		{30FFC141-8511-453F-8D53-4DF648D05C3D}.Debug|Any CPU.Build.0 = Debug|Any CPU
		{30FFC141-8511-453F-8D53-4DF648D05C3D}.Release|Any CPU.ActiveCfg = Release|Any CPU
		{30FFC141-8511-453F-8D53-4DF648D05C3D}.Release|Any CPU.Build.0 = Release|Any CPU
		{1E15F763-71CC-41EE-B550-DA6E70FBB96A}.Debug|Any CPU.ActiveCfg = Debug|Any CPU
		{1E15F763-71CC-41EE-B550-DA6E70FBB96A}.Debug|Any CPU.Build.0 = Debug|Any CPU
		{1E15F763-71CC-41EE-B550-DA6E70FBB96A}.Release|Any CPU.ActiveCfg = Release|Any CPU
		{1E15F763-71CC-41EE-B550-DA6E70FBB96A}.Release|Any CPU.Build.0 = Release|Any CPU
		{946D7EE3-E23E-453B-8E81-F01B0CD2EDF2}.Debug|Any CPU.ActiveCfg = Debug|Any CPU
		{946D7EE3-E23E-453B-8E81-F01B0CD2EDF2}.Debug|Any CPU.Build.0 = Debug|Any CPU
		{946D7EE3-E23E-453B-8E81-F01B0CD2EDF2}.Release|Any CPU.ActiveCfg = Release|Any CPU
		{946D7EE3-E23E-453B-8E81-F01B0CD2EDF2}.Release|Any CPU.Build.0 = Release|Any CPU
		{9DF72C22-D96E-4660-B530-B97FE33288AB}.Debug|Any CPU.ActiveCfg = Debug|Any CPU
		{9DF72C22-D96E-4660-B530-B97FE33288AB}.Debug|Any CPU.Build.0 = Debug|Any CPU
		{9DF72C22-D96E-4660-B530-B97FE33288AB}.Release|Any CPU.ActiveCfg = Release|Any CPU
		{9DF72C22-D96E-4660-B530-B97FE33288AB}.Release|Any CPU.Build.0 = Release|Any CPU
		{1C58B024-1D21-489C-9F97-3CB6452E0B93}.Debug|Any CPU.ActiveCfg = Debug|Any CPU
		{1C58B024-1D21-489C-9F97-3CB6452E0B93}.Debug|Any CPU.Build.0 = Debug|Any CPU
		{1C58B024-1D21-489C-9F97-3CB6452E0B93}.Release|Any CPU.ActiveCfg = Release|Any CPU
		{1C58B024-1D21-489C-9F97-3CB6452E0B93}.Release|Any CPU.Build.0 = Release|Any CPU
		{866F23B9-601A-4B97-B231-1EA6463E03E1}.Debug|Any CPU.ActiveCfg = Debug|Any CPU
		{866F23B9-601A-4B97-B231-1EA6463E03E1}.Debug|Any CPU.Build.0 = Debug|Any CPU
		{866F23B9-601A-4B97-B231-1EA6463E03E1}.Release|Any CPU.ActiveCfg = Release|Any CPU
		{866F23B9-601A-4B97-B231-1EA6463E03E1}.Release|Any CPU.Build.0 = Release|Any CPU
		{8A9AAE7F-B0D0-4373-BD09-3AAF4DD6CAAA}.Debug|Any CPU.ActiveCfg = Debug|Any CPU
		{8A9AAE7F-B0D0-4373-BD09-3AAF4DD6CAAA}.Debug|Any CPU.Build.0 = Debug|Any CPU
		{8A9AAE7F-B0D0-4373-BD09-3AAF4DD6CAAA}.Release|Any CPU.ActiveCfg = Release|Any CPU
		{8A9AAE7F-B0D0-4373-BD09-3AAF4DD6CAAA}.Release|Any CPU.Build.0 = Release|Any CPU
	EndGlobalSection
	GlobalSection(NestedProjects) = preSolution
		{FC121095-6601-4BEC-B679-5238E49365AD} = {8AA52B80-9F8F-448B-86AB-76A6A29E3A61}
		{26CA7AF1-0A25-4E95-A957-EA6627B4CD54} = {8AA52B80-9F8F-448B-86AB-76A6A29E3A61}
		{711C086E-C05B-417A-894C-F54EEEF7EAEB} = {48B74854-ECD3-4BDF-A01A-6CB1AA27D833}
		{082FB903-E31F-45A3-8D95-9E8D5C2FAEAB} = {48B74854-ECD3-4BDF-A01A-6CB1AA27D833}
		{30FFC141-8511-453F-8D53-4DF648D05C3D} = {48B74854-ECD3-4BDF-A01A-6CB1AA27D833}
		{1E15F763-71CC-41EE-B550-DA6E70FBB96A} = {61D1B51E-9958-4423-B25B-C238EA5878F2}
		{946D7EE3-E23E-453B-8E81-F01B0CD2EDF2} = {61D1B51E-9958-4423-B25B-C238EA5878F2}
		{9DF72C22-D96E-4660-B530-B97FE33288AB} = {61D1B51E-9958-4423-B25B-C238EA5878F2}
		{1C58B024-1D21-489C-9F97-3CB6452E0B93} = {61D1B51E-9958-4423-B25B-C238EA5878F2}
		{866F23B9-601A-4B97-B231-1EA6463E03E1} = {4DC9B4CE-3DC8-4BD7-B47B-878CF5F8D371}
		{8A9AAE7F-B0D0-4373-BD09-3AAF4DD6CAAA} = {8AA52B80-9F8F-448B-86AB-76A6A29E3A61}
	EndGlobalSection
EndGlobal
